// !$*UTF8*$!
{
	archiveVersion = 1;
	classes = {
	};
	objectVersion = 46;
	objects = {

/* Begin PBXBuildFile section */
		1D60589F0D05DD5A006BFB54 /* Foundation.framework in Frameworks */ = {isa = PBXBuildFile; fileRef = 1D30AB110D05D00D00671497 /* Foundation.framework */; };
		1DF5F4E00D08C38300B7A737 /* UIKit.framework in Frameworks */ = {isa = PBXBuildFile; fileRef = 1DF5F4DF0D08C38300B7A737 /* UIKit.framework */; };
		2892E4100DC94CBA00A64D0F /* CoreGraphics.framework in Frameworks */ = {isa = PBXBuildFile; fileRef = 2892E40F0DC94CBA00A64D0F /* CoreGraphics.framework */; };
		FA4175FC1114CD04008AC4E1 /* TWViewAppDelegate.m in Sources */ = {isa = PBXBuildFile; fileRef = FA4175FA1114CD04008AC4E1 /* TWViewAppDelegate.m */; };
		FA4175FE1114CD5C008AC4E1 /* TWViewMainWindow.xib in Resources */ = {isa = PBXBuildFile; fileRef = FA4175FD1114CD5C008AC4E1 /* TWViewMainWindow.xib */; };
		FA417B4F11176242008AC4E1 /* TWProjectAdHoc.xcconfig in Resources */ = {isa = PBXBuildFile; fileRef = FA417B4D11176242008AC4E1 /* TWProjectAdHoc.xcconfig */; };
		FA417B5011176242008AC4E1 /* TWProjectAppStore.xcconfig in Resources */ = {isa = PBXBuildFile; fileRef = FA417B4E11176242008AC4E1 /* TWProjectAppStore.xcconfig */; };
		FAB7D16C0FA6BF1800CBDED9 /* Default.png in Resources */ = {isa = PBXBuildFile; fileRef = FAB7D1670FA6BF1800CBDED9 /* Default.png */; };
		FAB7D16D0FA6BF1800CBDED9 /* Icon.png in Resources */ = {isa = PBXBuildFile; fileRef = FAB7D1680FA6BF1800CBDED9 /* Icon.png */; };
		FAB7D17D0FA6BF1F00CBDED9 /* TWMain.m in Sources */ = {isa = PBXBuildFile; fileRef = FAB7D1730FA6BF1F00CBDED9 /* TWMain.m */; };
		FAB7D17F0FA6BF1F00CBDED9 /* TWDebugging.m in Sources */ = {isa = PBXBuildFile; fileRef = FAB7D1780FA6BF1F00CBDED9 /* TWDebugging.m */; };
		FACDC1040FD17EB100B3B9EE /* TWBlankView.xib in Resources */ = {isa = PBXBuildFile; fileRef = FACDC1030FD17EB100B3B9EE /* TWBlankView.xib */; };
		FACDC10A0FD17ED700B3B9EE /* TWBlankViewController.m in Sources */ = {isa = PBXBuildFile; fileRef = FACDC1080FD17ED700B3B9EE /* TWBlankViewController.m */; };
		FAD98BD4108A19A900963F89 /* Localizable.strings in Resources */ = {isa = PBXBuildFile; fileRef = FAD98BD3108A19A900963F89 /* Localizable.strings */; };
/* End PBXBuildFile section */

/* Begin PBXFileReference section */
		1D30AB110D05D00D00671497 /* Foundation.framework */ = {isa = PBXFileReference; lastKnownFileType = wrapper.framework; name = Foundation.framework; path = System/Library/Frameworks/Foundation.framework; sourceTree = SDKROOT; };
		1D6058910D05DD3D006BFB54 /* .app */ = {isa = PBXFileReference; explicitFileType = wrapper.application; includeInIndex = 0; path = .app; sourceTree = BUILT_PRODUCTS_DIR; };
		1DF5F4DF0D08C38300B7A737 /* UIKit.framework */ = {isa = PBXFileReference; lastKnownFileType = wrapper.framework; name = UIKit.framework; path = System/Library/Frameworks/UIKit.framework; sourceTree = SDKROOT; };
		2892E40F0DC94CBA00A64D0F /* CoreGraphics.framework */ = {isa = PBXFileReference; lastKnownFileType = wrapper.framework; name = CoreGraphics.framework; path = System/Library/Frameworks/CoreGraphics.framework; sourceTree = SDKROOT; };
		FA4175FA1114CD04008AC4E1 /* TWViewAppDelegate.m */ = {isa = PBXFileReference; fileEncoding = 4; lastKnownFileType = sourcecode.c.objc; path = TWViewAppDelegate.m; sourceTree = "<group>"; };
		FA4175FB1114CD04008AC4E1 /* TWViewAppDelegate.h */ = {isa = PBXFileReference; fileEncoding = 4; lastKnownFileType = sourcecode.c.h; path = TWViewAppDelegate.h; sourceTree = "<group>"; };
		FA4175FD1114CD5C008AC4E1 /* TWViewMainWindow.xib */ = {isa = PBXFileReference; lastKnownFileType = file.xib; path = TWViewMainWindow.xib; sourceTree = "<group>"; };
		FA417B4D11176242008AC4E1 /* TWProjectAdHoc.xcconfig */ = {isa = PBXFileReference; fileEncoding = 4; lastKnownFileType = text.xcconfig; path = TWProjectAdHoc.xcconfig; sourceTree = "<group>"; };
		FA417B4E11176242008AC4E1 /* TWProjectAppStore.xcconfig */ = {isa = PBXFileReference; fileEncoding = 4; lastKnownFileType = text.xcconfig; path = TWProjectAppStore.xcconfig; sourceTree = "<group>"; };
		FAB7D15E0FA6BEFF00CBDED9 /* notes.rtf */ = {isa = PBXFileReference; lastKnownFileType = text.rtf; path = notes.rtf; sourceTree = "<group>"; };
		FAB7D1620FA6BF0900CBDED9 /* TWTarget.xcconfig */ = {isa = PBXFileReference; fileEncoding = 4; lastKnownFileType = text.xcconfig; path = TWTarget.xcconfig; sourceTree = "<group>"; };
		FAB7D1670FA6BF1800CBDED9 /* Default.png */ = {isa = PBXFileReference; lastKnownFileType = image.png; path = Default.png; sourceTree = "<group>"; };
		FAB7D1680FA6BF1800CBDED9 /* Icon.png */ = {isa = PBXFileReference; lastKnownFileType = image.png; path = Icon.png; sourceTree = "<group>"; };
		FAB7D16B0FA6BF1800CBDED9 /* TWApplicationInfo.plist */ = {isa = PBXFileReference; fileEncoding = 4; lastKnownFileType = text.plist.xml; path = TWApplicationInfo.plist; sourceTree = "<group>"; };
		FAB7D1730FA6BF1F00CBDED9 /* TWMain.m */ = {isa = PBXFileReference; fileEncoding = 4; lastKnownFileType = sourcecode.c.objc; path = TWMain.m; sourceTree = "<group>"; };
		FAB7D1770FA6BF1F00CBDED9 /* TWDebugging.h */ = {isa = PBXFileReference; fileEncoding = 4; lastKnownFileType = sourcecode.c.h; path = TWDebugging.h; sourceTree = "<group>"; };
		FAB7D1780FA6BF1F00CBDED9 /* TWDebugging.m */ = {isa = PBXFileReference; fileEncoding = 4; lastKnownFileType = sourcecode.c.objc; path = TWDebugging.m; sourceTree = "<group>"; };
		FAB7D28E0FA73DB600CBDED9 /* TWProjectPrefix.h */ = {isa = PBXFileReference; fileEncoding = 4; lastKnownFileType = sourcecode.c.h; path = TWProjectPrefix.h; sourceTree = "<group>"; };
		FABC85AF0FA77F8D00445CF5 /* TWProjectBase.xcconfig */ = {isa = PBXFileReference; fileEncoding = 4; lastKnownFileType = text.xcconfig; path = TWProjectBase.xcconfig; sourceTree = "<group>"; };
		FABC85B00FA77F8D00445CF5 /* TWProjectRelease.xcconfig */ = {isa = PBXFileReference; fileEncoding = 4; lastKnownFileType = text.xcconfig; path = TWProjectRelease.xcconfig; sourceTree = "<group>"; };
		FABC85B10FA77F8D00445CF5 /* TWProjectDebug.xcconfig */ = {isa = PBXFileReference; fileEncoding = 4; lastKnownFileType = text.xcconfig; path = TWProjectDebug.xcconfig; sourceTree = "<group>"; };
		FACDC1030FD17EB100B3B9EE /* TWBlankView.xib */ = {isa = PBXFileReference; lastKnownFileType = file.xib; path = TWBlankView.xib; sourceTree = "<group>"; };
		FACDC1080FD17ED700B3B9EE /* TWBlankViewController.m */ = {isa = PBXFileReference; fileEncoding = 4; lastKnownFileType = sourcecode.c.objc; path = TWBlankViewController.m; sourceTree = "<group>"; };
		FACDC1090FD17ED700B3B9EE /* TWBlankViewController.h */ = {isa = PBXFileReference; fileEncoding = 4; lastKnownFileType = sourcecode.c.h; path = TWBlankViewController.h; sourceTree = "<group>"; };
		FAD98BD3108A19A900963F89 /* Localizable.strings */ = {isa = PBXFileReference; fileEncoding = 10; lastKnownFileType = text.plist.strings; path = Localizable.strings; sourceTree = "<group>"; };
/* End PBXFileReference section */

/* Begin PBXFrameworksBuildPhase section */
		1D60588F0D05DD3D006BFB54 /* Frameworks */ = {
			isa = PBXFrameworksBuildPhase;
			buildActionMask = 2147483647;
			files = (
				1D60589F0D05DD5A006BFB54 /* Foundation.framework in Frameworks */,
				1DF5F4E00D08C38300B7A737 /* UIKit.framework in Frameworks */,
				2892E4100DC94CBA00A64D0F /* CoreGraphics.framework in Frameworks */,
			);
			runOnlyForDeploymentPostprocessing = 0;
		};
/* End PBXFrameworksBuildPhase section */

/* Begin PBXGroup section */
		19C28FACFE9D520D11CA2CBB /* Products */ = {
			isa = PBXGroup;
			children = (
				1D6058910D05DD3D006BFB54 /* .app */,
			);
			name = Products;
			sourceTree = "<group>";
		};
		29B97314FDCFA39411CA2CEA /* CustomTemplate */ = {
			isa = PBXGroup;
			children = (
				FAB7D15D0FA6BEFF00CBDED9 /* notes */,
				FAB7D1710FA6BF1F00CBDED9 /* source */,
				FAB7D1660FA6BF1800CBDED9 /* resources */,
				FAB7D1600FA6BF0900CBDED9 /* headers */,
				29B97323FDCFA39411CA2CEA /* Frameworks */,
				19C28FACFE9D520D11CA2CBB /* Products */,
			);
			name = CustomTemplate;
			sourceTree = "<group>";
		};
		29B97323FDCFA39411CA2CEA /* Frameworks */ = {
			isa = PBXGroup;
			children = (
				1DF5F4DF0D08C38300B7A737 /* UIKit.framework */,
				1D30AB110D05D00D00671497 /* Foundation.framework */,
				2892E40F0DC94CBA00A64D0F /* CoreGraphics.framework */,
			);
			name = Frameworks;
			sourceTree = "<group>";
		};
		FAB7D15D0FA6BEFF00CBDED9 /* notes */ = {
			isa = PBXGroup;
			children = (
				FAB7D15E0FA6BEFF00CBDED9 /* notes.rtf */,
			);
			path = notes;
			sourceTree = "<group>";
		};
		FAB7D1600FA6BF0900CBDED9 /* headers */ = {
			isa = PBXGroup;
			children = (
				FABC85B10FA77F8D00445CF5 /* TWProjectDebug.xcconfig */,
				FA417B4D11176242008AC4E1 /* TWProjectAdHoc.xcconfig */,
				FA417B4E11176242008AC4E1 /* TWProjectAppStore.xcconfig */,
				FABC85B00FA77F8D00445CF5 /* TWProjectRelease.xcconfig */,
				FABC85AF0FA77F8D00445CF5 /* TWProjectBase.xcconfig */,
				FAB7D1620FA6BF0900CBDED9 /* TWTarget.xcconfig */,
				FAB7D28E0FA73DB600CBDED9 /* TWProjectPrefix.h */,
			);
			path = headers;
			sourceTree = "<group>";
		};
		FAB7D1660FA6BF1800CBDED9 /* resources */ = {
			isa = PBXGroup;
			children = (
				FAD98BD3108A19A900963F89 /* Localizable.strings */,
				FA4175FD1114CD5C008AC4E1 /* TWViewMainWindow.xib */,
				FACDC1030FD17EB100B3B9EE /* TWBlankView.xib */,
				FAB7D16B0FA6BF1800CBDED9 /* TWApplicationInfo.plist */,
				FAB7D1670FA6BF1800CBDED9 /* Default.png */,
				FAB7D1680FA6BF1800CBDED9 /* Icon.png */,
			);
			path = resources;
			sourceTree = "<group>";
		};
		FAB7D1710FA6BF1F00CBDED9 /* source */ = {
			isa = PBXGroup;
			children = (
				FAB7D1720FA6BF1F00CBDED9 /* application */,
				FAB7D17A0FA6BF1F00CBDED9 /* views */,
				FAB7D1760FA6BF1F00CBDED9 /* twlib */,
			);
			path = source;
			sourceTree = "<group>";
		};
		FAB7D1720FA6BF1F00CBDED9 /* application */ = {
			isa = PBXGroup;
			children = (
				FAB7D1730FA6BF1F00CBDED9 /* TWMain.m */,
				FA4175FB1114CD04008AC4E1 /* TWViewAppDelegate.h */,
				FA4175FA1114CD04008AC4E1 /* TWViewAppDelegate.m */,
			);
			path = application;
			sourceTree = "<group>";
		};
		FAB7D1760FA6BF1F00CBDED9 /* twlib */ = {
			isa = PBXGroup;
			children = (
				FAB7D1770FA6BF1F00CBDED9 /* TWDebugging.h */,
				FAB7D1780FA6BF1F00CBDED9 /* TWDebugging.m */,
			);
			path = twlib;
			sourceTree = "<group>";
		};
		FAB7D17A0FA6BF1F00CBDED9 /* views */ = {
			isa = PBXGroup;
			children = (
				FACDC1080FD17ED700B3B9EE /* TWBlankViewController.m */,
				FACDC1090FD17ED700B3B9EE /* TWBlankViewController.h */,
			);
			path = views;
			sourceTree = "<group>";
		};
/* End PBXGroup section */

/* Begin PBXNativeTarget section */
		1D6058900D05DD3D006BFB54 /* View */ = {
			isa = PBXNativeTarget;
			buildConfigurationList = 1D6058960D05DD3E006BFB54 /* Build configuration list for PBXNativeTarget "View" */;
			buildPhases = (
				1D60588D0D05DD3D006BFB54 /* Resources */,
				1D60588E0D05DD3D006BFB54 /* Sources */,
				1D60588F0D05DD3D006BFB54 /* Frameworks */,
			);
			buildRules = (
			);
			dependencies = (
			);
			name = View;
			productName = Navigation;
			productReference = 1D6058910D05DD3D006BFB54 /* .app */;
			productType = "com.apple.product-type.application";
		};
/* End PBXNativeTarget section */

/* Begin PBXProject section */
		29B97313FDCFA39411CA2CEA /* Project object */ = {
			isa = PBXProject;
			attributes = {
				ORGANIZATIONNAME = "Trollwerks Inc.";
			};
			buildConfigurationList = C01FCF4E08A954540054247B /* Build configuration list for PBXProject "View" */;
			compatibilityVersion = "Xcode 3.2";
			developmentRegion = English;
			hasScannedForEncodings = 1;
			knownRegions = (
				English,
				Japanese,
				French,
				German,
				en,
			);
			mainGroup = 29B97314FDCFA39411CA2CEA /* CustomTemplate */;
			projectDirPath = "";
			projectRoot = "";
			targets = (
				1D6058900D05DD3D006BFB54 /* View */,
			);
		};
/* End PBXProject section */

/* Begin PBXResourcesBuildPhase section */
		1D60588D0D05DD3D006BFB54 /* Resources */ = {
			isa = PBXResourcesBuildPhase;
			buildActionMask = 2147483647;
			files = (
				FAB7D16C0FA6BF1800CBDED9 /* Default.png in Resources */,
				FAB7D16D0FA6BF1800CBDED9 /* Icon.png in Resources */,
				FACDC1040FD17EB100B3B9EE /* TWBlankView.xib in Resources */,
				FAD98BD4108A19A900963F89 /* Localizable.strings in Resources */,
				FA4175FE1114CD5C008AC4E1 /* TWViewMainWindow.xib in Resources */,
				FA417B4F11176242008AC4E1 /* TWProjectAdHoc.xcconfig in Resources */,
				FA417B5011176242008AC4E1 /* TWProjectAppStore.xcconfig in Resources */,
			);
			runOnlyForDeploymentPostprocessing = 0;
		};
/* End PBXResourcesBuildPhase section */

/* Begin PBXSourcesBuildPhase section */
		1D60588E0D05DD3D006BFB54 /* Sources */ = {
			isa = PBXSourcesBuildPhase;
			buildActionMask = 2147483647;
			files = (
				FAB7D17D0FA6BF1F00CBDED9 /* TWMain.m in Sources */,
				FAB7D17F0FA6BF1F00CBDED9 /* TWDebugging.m in Sources */,
				FACDC10A0FD17ED700B3B9EE /* TWBlankViewController.m in Sources */,
				FA4175FC1114CD04008AC4E1 /* TWViewAppDelegate.m in Sources */,
			);
			runOnlyForDeploymentPostprocessing = 0;
		};
/* End PBXSourcesBuildPhase section */

/* Begin XCBuildConfiguration section */
		1D6058940D05DD3E006BFB54 /* Debug */ = {
			isa = XCBuildConfiguration;
			baseConfigurationReference = FAB7D1620FA6BF0900CBDED9 /* TWTarget.xcconfig */;
			buildSettings = {
			};
			name = Debug;
		};
		1D6058950D05DD3E006BFB54 /* Release-AdHoc */ = {
			isa = XCBuildConfiguration;
			baseConfigurationReference = FAB7D1620FA6BF0900CBDED9 /* TWTarget.xcconfig */;
			buildSettings = {
			};
			name = "Release-AdHoc";
		};
		C01FCF4F08A954540054247B /* Debug */ = {
			isa = XCBuildConfiguration;
			baseConfigurationReference = FABC85B10FA77F8D00445CF5 /* TWProjectDebug.xcconfig */;
			buildSettings = {
			};
			name = Debug;
		};
		C01FCF5008A954540054247B /* Release-AdHoc */ = {
			isa = XCBuildConfiguration;
			baseConfigurationReference = FA417B4D11176242008AC4E1 /* TWProjectAdHoc.xcconfig */;
			buildSettings = {
			};
			name = "Release-AdHoc";
		};
		FA417B461117622E008AC4E1 /* Release-AppStore */ = {
			isa = XCBuildConfiguration;
			baseConfigurationReference = FA417B4E11176242008AC4E1 /* TWProjectAppStore.xcconfig */;
			buildSettings = {
			};
			name = "Release-AppStore";
		};
		FA417B471117622E008AC4E1 /* Release-AppStore */ = {
			isa = XCBuildConfiguration;
			baseConfigurationReference = FAB7D1620FA6BF0900CBDED9 /* TWTarget.xcconfig */;
			buildSettings = {
			};
			name = "Release-AppStore";
		};
/* End XCBuildConfiguration section */

/* Begin XCConfigurationList section */
		1D6058960D05DD3E006BFB54 /* Build configuration list for PBXNativeTarget "View" */ = {
			isa = XCConfigurationList;
			buildConfigurations = (
				1D6058940D05DD3E006BFB54 /* Debug */,
				1D6058950D05DD3E006BFB54 /* Release-AdHoc */,
				FA417B471117622E008AC4E1 /* Release-AppStore */,
			);
			defaultConfigurationIsVisible = 0;
			defaultConfigurationName = "Release-AdHoc";
		};
		C01FCF4E08A954540054247B /* Build configuration list for PBXProject "View" */ = {
			isa = XCConfigurationList;
			buildConfigurations = (
				C01FCF4F08A954540054247B /* Debug */,
				C01FCF5008A954540054247B /* Release-AdHoc */,
				FA417B461117622E008AC4E1 /* Release-AppStore */,
			);
			defaultConfigurationIsVisible = 0;
			defaultConfigurationName = "Release-AdHoc";
		};
/* End XCConfigurationList section */
	};
	rootObject = 29B97313FDCFA39411CA2CEA /* Project object */;
}
