// !$*UTF8*$!
{
	archiveVersion = 1;
	classes = {
	};
	objectVersion = 46;
	objects = {

/* Begin PBXBuildFile section */
		1D60589F0D05DD5A006BFB54 /* Foundation.framework in Frameworks */ = {isa = PBXBuildFile; fileRef = 1D30AB110D05D00D00671497 /* Foundation.framework */; };
		1DF5F4E00D08C38300B7A737 /* UIKit.framework in Frameworks */ = {isa = PBXBuildFile; fileRef = 1DF5F4DF0D08C38300B7A737 /* UIKit.framework */; };
		2892E4100DC94CBA00A64D0F /* CoreGraphics.framework in Frameworks */ = {isa = PBXBuildFile; fileRef = 2892E40F0DC94CBA00A64D0F /* CoreGraphics.framework */; };
		FA06261512D9710C00FAF06B /* Default@2x.png in Resources */ = {isa = PBXBuildFile; fileRef = FA06261312D9710C00FAF06B /* Default@2x.png */; };
		FA06261612D9710C00FAF06B /* Icon@2x.png in Resources */ = {isa = PBXBuildFile; fileRef = FA06261412D9710C00FAF06B /* Icon@2x.png */; };
		FA59A25F111FC4E000E48A21 /* TWRootTableViewController.m in Sources */ = {isa = PBXBuildFile; fileRef = FA59A25E111FC4E000E48A21 /* TWRootTableViewController.m */; };
		FA59A261111FC4FC00E48A21 /* TWRootTableView.xib in Resources */ = {isa = PBXBuildFile; fileRef = FA59A260111FC4FC00E48A21 /* TWRootTableView.xib */; };
		FAB7D16C0FA6BF1800CBDED9 /* Default.png in Resources */ = {isa = PBXBuildFile; fileRef = FAB7D1670FA6BF1800CBDED9 /* Default.png */; };
		FAB7D16D0FA6BF1800CBDED9 /* Icon.png in Resources */ = {isa = PBXBuildFile; fileRef = FAB7D1680FA6BF1800CBDED9 /* Icon.png */; };
		FAB7D17D0FA6BF1F00CBDED9 /* TWMain.m in Sources */ = {isa = PBXBuildFile; fileRef = FAB7D1730FA6BF1F00CBDED9 /* TWMain.m */; };
		FAB7D17E0FA6BF1F00CBDED9 /* TWTabBarAppDelegate.m in Sources */ = {isa = PBXBuildFile; fileRef = FAB7D1750FA6BF1F00CBDED9 /* TWTabBarAppDelegate.m */; };
		FAB7D17F0FA6BF1F00CBDED9 /* TWDebugging.m in Sources */ = {isa = PBXBuildFile; fileRef = FAB7D1780FA6BF1F00CBDED9 /* TWDebugging.m */; };
		FABB0AF81194824500270CF2 /* SystemConfiguration.framework in Frameworks */ = {isa = PBXBuildFile; fileRef = FABB0AF71194824500270CF2 /* SystemConfiguration.framework */; };
		FACDC1040FD17EB100B3B9EE /* TWBlankView.xib in Resources */ = {isa = PBXBuildFile; fileRef = FACDC1030FD17EB100B3B9EE /* TWBlankView.xib */; };
		FACDC1060FD17EBA00B3B9EE /* TWTabBarMainWindow.xib in Resources */ = {isa = PBXBuildFile; fileRef = FACDC1050FD17EBA00B3B9EE /* TWTabBarMainWindow.xib */; };
		FACDC10A0FD17ED700B3B9EE /* TWBlankViewController.m in Sources */ = {isa = PBXBuildFile; fileRef = FACDC1080FD17ED700B3B9EE /* TWBlankViewController.m */; };
		FAD98BD4108A19A900963F89 /* Localizable.strings in Resources */ = {isa = PBXBuildFile; fileRef = FAD98BD3108A19A900963F89 /* Localizable.strings */; };
/* End PBXBuildFile section */

/* Begin PBXFileReference section */
		1D30AB110D05D00D00671497 /* Foundation.framework */ = {isa = PBXFileReference; lastKnownFileType = wrapper.framework; name = Foundation.framework; path = System/Library/Frameworks/Foundation.framework; sourceTree = SDKROOT; };
		1D6058910D05DD3D006BFB54 /* .app */ = {isa = PBXFileReference; explicitFileType = wrapper.application; includeInIndex = 0; path = .app; sourceTree = BUILT_PRODUCTS_DIR; };
		1DF5F4DF0D08C38300B7A737 /* UIKit.framework */ = {isa = PBXFileReference; lastKnownFileType = wrapper.framework; name = UIKit.framework; path = System/Library/Frameworks/UIKit.framework; sourceTree = SDKROOT; };
		2892E40F0DC94CBA00A64D0F /* CoreGraphics.framework */ = {isa = PBXFileReference; lastKnownFileType = wrapper.framework; name = CoreGraphics.framework; path = System/Library/Frameworks/CoreGraphics.framework; sourceTree = SDKROOT; };
		FA06261312D9710C00FAF06B /* Default@2x.png */ = {isa = PBXFileReference; lastKnownFileType = image.png; path = "Default@2x.png"; sourceTree = "<group>"; };
		FA06261412D9710C00FAF06B /* Icon@2x.png */ = {isa = PBXFileReference; lastKnownFileType = image.png; path = "Icon@2x.png"; sourceTree = "<group>"; };
		FA417B5A111762E5008AC4E1 /* TWProjectAdHoc.xcconfig */ = {isa = PBXFileReference; fileEncoding = 4; lastKnownFileType = text.xcconfig; path = TWProjectAdHoc.xcconfig; sourceTree = "<group>"; };
		FA417B5B111762E5008AC4E1 /* TWProjectAppStore.xcconfig */ = {isa = PBXFileReference; fileEncoding = 4; lastKnownFileType = text.xcconfig; path = TWProjectAppStore.xcconfig; sourceTree = "<group>"; };
		FA59A25D111FC4E000E48A21 /* TWRootTableViewController.h */ = {isa = PBXFileReference; fileEncoding = 4; lastKnownFileType = sourcecode.c.h; path = TWRootTableViewController.h; sourceTree = "<group>"; };
		FA59A25E111FC4E000E48A21 /* TWRootTableViewController.m */ = {isa = PBXFileReference; fileEncoding = 4; lastKnownFileType = sourcecode.c.objc; path = TWRootTableViewController.m; sourceTree = "<group>"; };
		FA59A260111FC4FC00E48A21 /* TWRootTableView.xib */ = {isa = PBXFileReference; lastKnownFileType = file.xib; path = TWRootTableView.xib; sourceTree = "<group>"; };
		FAB7D15E0FA6BEFF00CBDED9 /* notes.rtf */ = {isa = PBXFileReference; lastKnownFileType = text.rtf; path = notes.rtf; sourceTree = "<group>"; };
		FAB7D1620FA6BF0900CBDED9 /* TWTarget.xcconfig */ = {isa = PBXFileReference; fileEncoding = 4; lastKnownFileType = text.xcconfig; path = TWTarget.xcconfig; sourceTree = "<group>"; };
		FAB7D1670FA6BF1800CBDED9 /* Default.png */ = {isa = PBXFileReference; lastKnownFileType = image.png; path = Default.png; sourceTree = "<group>"; };
		FAB7D1680FA6BF1800CBDED9 /* Icon.png */ = {isa = PBXFileReference; lastKnownFileType = image.png; path = Icon.png; sourceTree = "<group>"; };
		FAB7D16B0FA6BF1800CBDED9 /* TWApplicationInfo.plist */ = {isa = PBXFileReference; fileEncoding = 4; lastKnownFileType = text.plist.xml; path = TWApplicationInfo.plist; sourceTree = "<group>"; };
		FAB7D1730FA6BF1F00CBDED9 /* TWMain.m */ = {isa = PBXFileReference; fileEncoding = 4; lastKnownFileType = sourcecode.c.objc; path = TWMain.m; sourceTree = "<group>"; };
		FAB7D1740FA6BF1F00CBDED9 /* TWTabBarAppDelegate.h */ = {isa = PBXFileReference; fileEncoding = 4; lastKnownFileType = sourcecode.c.h; path = TWTabBarAppDelegate.h; sourceTree = "<group>"; };
		FAB7D1750FA6BF1F00CBDED9 /* TWTabBarAppDelegate.m */ = {isa = PBXFileReference; fileEncoding = 4; lastKnownFileType = sourcecode.c.objc; path = TWTabBarAppDelegate.m; sourceTree = "<group>"; };
		FAB7D1770FA6BF1F00CBDED9 /* TWDebugging.h */ = {isa = PBXFileReference; fileEncoding = 4; lastKnownFileType = sourcecode.c.h; path = TWDebugging.h; sourceTree = "<group>"; };
		FAB7D1780FA6BF1F00CBDED9 /* TWDebugging.m */ = {isa = PBXFileReference; fileEncoding = 4; lastKnownFileType = sourcecode.c.objc; path = TWDebugging.m; sourceTree = "<group>"; };
		FAB7D28E0FA73DB600CBDED9 /* TWProjectPrefix.h */ = {isa = PBXFileReference; fileEncoding = 4; lastKnownFileType = sourcecode.c.h; path = TWProjectPrefix.h; sourceTree = "<group>"; };
		FABB0AF71194824500270CF2 /* SystemConfiguration.framework */ = {isa = PBXFileReference; lastKnownFileType = wrapper.framework; name = SystemConfiguration.framework; path = System/Library/Frameworks/SystemConfiguration.framework; sourceTree = SDKROOT; };
		FABC85AF0FA77F8D00445CF5 /* TWProjectBase.xcconfig */ = {isa = PBXFileReference; fileEncoding = 4; lastKnownFileType = text.xcconfig; path = TWProjectBase.xcconfig; sourceTree = "<group>"; };
		FABC85B00FA77F8D00445CF5 /* TWProjectRelease.xcconfig */ = {isa = PBXFileReference; fileEncoding = 4; lastKnownFileType = text.xcconfig; path = TWProjectRelease.xcconfig; sourceTree = "<group>"; };
		FABC85B10FA77F8D00445CF5 /* TWProjectDebug.xcconfig */ = {isa = PBXFileReference; fileEncoding = 4; lastKnownFileType = text.xcconfig; path = TWProjectDebug.xcconfig; sourceTree = "<group>"; };
		FACDC1030FD17EB100B3B9EE /* TWBlankView.xib */ = {isa = PBXFileReference; lastKnownFileType = file.xib; path = TWBlankView.xib; sourceTree = "<group>"; };
		FACDC1050FD17EBA00B3B9EE /* TWTabBarMainWindow.xib */ = {isa = PBXFileReference; lastKnownFileType = file.xib; path = TWTabBarMainWindow.xib; sourceTree = "<group>"; };
		FACDC1080FD17ED700B3B9EE /* TWBlankViewController.m */ = {isa = PBXFileReference; fileEncoding = 4; lastKnownFileType = sourcecode.c.objc; path = TWBlankViewController.m; sourceTree = "<group>"; };
		FACDC1090FD17ED700B3B9EE /* TWBlankViewController.h */ = {isa = PBXFileReference; fileEncoding = 4; lastKnownFileType = sourcecode.c.h; path = TWBlankViewController.h; sourceTree = "<group>"; };
		FAD98BD3108A19A900963F89 /* Localizable.strings */ = {isa = PBXFileReference; fileEncoding = 10; lastKnownFileType = text.plist.strings; path = Localizable.strings; sourceTree = "<group>"; };
/* End PBXFileReference section */

/* Begin PBXFrameworksBuildPhase section */
		1D60588F0D05DD3D006BFB54 /* Frameworks */ = {
			isa = PBXFrameworksBuildPhase;
			buildActionMask = 2147483647;
			files = (
				1D60589F0D05DD5A006BFB54 /* Foundation.framework in Frameworks */,
				1DF5F4E00D08C38300B7A737 /* UIKit.framework in Frameworks */,
				2892E4100DC94CBA00A64D0F /* CoreGraphics.framework in Frameworks */,
				FABB0AF81194824500270CF2 /* SystemConfiguration.framework in Frameworks */,
			);
			runOnlyForDeploymentPostprocessing = 0;
		};
/* End PBXFrameworksBuildPhase section */

/* Begin PBXGroup section */
		19C28FACFE9D520D11CA2CBB /* Products */ = {
			isa = PBXGroup;
			children = (
				1D6058910D05DD3D006BFB54 /* .app */,
			);
			name = Products;
			sourceTree = "<group>";
		};
		29B97314FDCFA39411CA2CEA /* CustomTemplate */ = {
			isa = PBXGroup;
			children = (
				FAB7D15D0FA6BEFF00CBDED9 /* notes */,
				FAB7D1710FA6BF1F00CBDED9 /* source */,
				FAB7D1660FA6BF1800CBDED9 /* resources */,
				FAB7D1600FA6BF0900CBDED9 /* config */,
				29B97323FDCFA39411CA2CEA /* Frameworks */,
				19C28FACFE9D520D11CA2CBB /* Products */,
			);
			name = CustomTemplate;
			sourceTree = "<group>";
		};
		29B97323FDCFA39411CA2CEA /* Frameworks */ = {
			isa = PBXGroup;
			children = (
				2892E40F0DC94CBA00A64D0F /* CoreGraphics.framework */,
				1D30AB110D05D00D00671497 /* Foundation.framework */,
				FABB0AF71194824500270CF2 /* SystemConfiguration.framework */,
				1DF5F4DF0D08C38300B7A737 /* UIKit.framework */,
			);
			name = Frameworks;
			sourceTree = "<group>";
		};
		FAB7D15D0FA6BEFF00CBDED9 /* notes */ = {
			isa = PBXGroup;
			children = (
				FAB7D15E0FA6BEFF00CBDED9 /* notes.rtf */,
			);
			path = notes;
			sourceTree = "<group>";
		};
		FAB7D1600FA6BF0900CBDED9 /* config */ = {
			isa = PBXGroup;
			children = (
				FABC85B10FA77F8D00445CF5 /* TWProjectDebug.xcconfig */,
				FA417B5A111762E5008AC4E1 /* TWProjectAdHoc.xcconfig */,
				FA417B5B111762E5008AC4E1 /* TWProjectAppStore.xcconfig */,
				FABC85B00FA77F8D00445CF5 /* TWProjectRelease.xcconfig */,
				FABC85AF0FA77F8D00445CF5 /* TWProjectBase.xcconfig */,
				FAB7D1620FA6BF0900CBDED9 /* TWTarget.xcconfig */,
				FAB7D28E0FA73DB600CBDED9 /* TWProjectPrefix.h */,
			);
			path = config;
			sourceTree = "<group>";
		};
		FAB7D1660FA6BF1800CBDED9 /* resources */ = {
			isa = PBXGroup;
			children = (
				FAB7D16B0FA6BF1800CBDED9 /* TWApplicationInfo.plist */,
				FAD98BD3108A19A900963F89 /* Localizable.strings */,
				FACDC1050FD17EBA00B3B9EE /* TWTabBarMainWindow.xib */,
				FACDC1030FD17EB100B3B9EE /* TWBlankView.xib */,
				FA59A260111FC4FC00E48A21 /* TWRootTableView.xib */,
				FAB7D1670FA6BF1800CBDED9 /* Default.png */,
				FA06261312D9710C00FAF06B /* Default@2x.png */,
				FAB7D1680FA6BF1800CBDED9 /* Icon.png */,
				FA06261412D9710C00FAF06B /* Icon@2x.png */,
			);
			path = resources;
			sourceTree = "<group>";
		};
		FAB7D1710FA6BF1F00CBDED9 /* source */ = {
			isa = PBXGroup;
			children = (
				FAB7D1720FA6BF1F00CBDED9 /* application */,
				FAB7D17A0FA6BF1F00CBDED9 /* views */,
				FAB7D1760FA6BF1F00CBDED9 /* twlib */,
			);
			path = source;
			sourceTree = "<group>";
		};
		FAB7D1720FA6BF1F00CBDED9 /* application */ = {
			isa = PBXGroup;
			children = (
				FAB7D1730FA6BF1F00CBDED9 /* TWMain.m */,
				FAB7D1740FA6BF1F00CBDED9 /* TWTabBarAppDelegate.h */,
				FAB7D1750FA6BF1F00CBDED9 /* TWTabBarAppDelegate.m */,
			);
			path = application;
			sourceTree = "<group>";
		};
		FAB7D1760FA6BF1F00CBDED9 /* twlib */ = {
			isa = PBXGroup;
			children = (
				FAB7D1770FA6BF1F00CBDED9 /* TWDebugging.h */,
				FAB7D1780FA6BF1F00CBDED9 /* TWDebugging.m */,
			);
			path = twlib;
			sourceTree = "<group>";
		};
		FAB7D17A0FA6BF1F00CBDED9 /* views */ = {
			isa = PBXGroup;
			children = (
				FACDC1080FD17ED700B3B9EE /* TWBlankViewController.m */,
				FACDC1090FD17ED700B3B9EE /* TWBlankViewController.h */,
				FA59A25D111FC4E000E48A21 /* TWRootTableViewController.h */,
				FA59A25E111FC4E000E48A21 /* TWRootTableViewController.m */,
			);
			path = views;
			sourceTree = "<group>";
		};
/* End PBXGroup section */

/* Begin PBXNativeTarget section */
		1D6058900D05DD3D006BFB54 /* TabBar */ = {
			isa = PBXNativeTarget;
			buildConfigurationList = 1D6058960D05DD3E006BFB54 /* Build configuration list for PBXNativeTarget "TabBar" */;
			buildPhases = (
				1D60588D0D05DD3D006BFB54 /* Resources */,
				1D60588E0D05DD3D006BFB54 /* Sources */,
				1D60588F0D05DD3D006BFB54 /* Frameworks */,
			);
			buildRules = (
			);
			dependencies = (
			);
			name = TabBar;
			productName = Navigation;
			productReference = 1D6058910D05DD3D006BFB54 /* .app */;
			productType = "com.apple.product-type.application";
		};
/* End PBXNativeTarget section */

/* Begin PBXProject section */
		29B97313FDCFA39411CA2CEA /* Project object */ = {
			isa = PBXProject;
			attributes = {
				ORGANIZATIONNAME = "Trollwerks Inc.";
			};
			buildConfigurationList = C01FCF4E08A954540054247B /* Build configuration list for PBXProject "TabBar" */;
			compatibilityVersion = "Xcode 3.2";
			developmentRegion = English;
			hasScannedForEncodings = 1;
			knownRegions = (
				English,
				Japanese,
				French,
				German,
				en,
			);
			mainGroup = 29B97314FDCFA39411CA2CEA /* CustomTemplate */;
			projectDirPath = "";
			projectRoot = "";
			targets = (
				1D6058900D05DD3D006BFB54 /* TabBar */,
			);
		};
/* End PBXProject section */

/* Begin PBXResourcesBuildPhase section */
		1D60588D0D05DD3D006BFB54 /* Resources */ = {
			isa = PBXResourcesBuildPhase;
			buildActionMask = 2147483647;
			files = (
				FAB7D16C0FA6BF1800CBDED9 /* Default.png in Resources */,
				FAB7D16D0FA6BF1800CBDED9 /* Icon.png in Resources */,
				FAD98BD4108A19A900963F89 /* Localizable.strings in Resources */,
				FACDC1060FD17EBA00B3B9EE /* TWTabBarMainWindow.xib in Resources */,
				FACDC1040FD17EB100B3B9EE /* TWBlankView.xib in Resources */,
				FA59A261111FC4FC00E48A21 /* TWRootTableView.xib in Resources */,
				FA06261512D9710C00FAF06B /* Default@2x.png in Resources */,
				FA06261612D9710C00FAF06B /* Icon@2x.png in Resources */,
			);
			runOnlyForDeploymentPostprocessing = 0;
		};
/* End PBXResourcesBuildPhase section */

/* Begin PBXSourcesBuildPhase section */
		1D60588E0D05DD3D006BFB54 /* Sources */ = {
			isa = PBXSourcesBuildPhase;
			buildActionMask = 2147483647;
			files = (
				FAB7D17D0FA6BF1F00CBDED9 /* TWMain.m in Sources */,
				FAB7D17F0FA6BF1F00CBDED9 /* TWDebugging.m in Sources */,
				FAB7D17E0FA6BF1F00CBDED9 /* TWTabBarAppDelegate.m in Sources */,
				FACDC10A0FD17ED700B3B9EE /* TWBlankViewController.m in Sources */,
				FA59A25F111FC4E000E48A21 /* TWRootTableViewController.m in Sources */,
			);
			runOnlyForDeploymentPostprocessing = 0;
		};
/* End PBXSourcesBuildPhase section */

/* Begin XCBuildConfiguration section */
		1D6058940D05DD3E006BFB54 /* Debug */ = {
			isa = XCBuildConfiguration;
			baseConfigurationReference = FAB7D1620FA6BF0900CBDED9 /* TWTarget.xcconfig */;
			buildSettings = {
			};
			name = Debug;
		};
		1D6058950D05DD3E006BFB54 /* Release-AdHoc */ = {
			isa = XCBuildConfiguration;
			baseConfigurationReference = FAB7D1620FA6BF0900CBDED9 /* TWTarget.xcconfig */;
			buildSettings = {
			};
			name = "Release-AdHoc";
		};
		C01FCF4F08A954540054247B /* Debug */ = {
			isa = XCBuildConfiguration;
			baseConfigurationReference = FABC85B10FA77F8D00445CF5 /* TWProjectDebug.xcconfig */;
			buildSettings = {
			};
			name = Debug;
		};
		C01FCF5008A954540054247B /* Release-AdHoc */ = {
			isa = XCBuildConfiguration;
			baseConfigurationReference = FA417B5A111762E5008AC4E1 /* TWProjectAdHoc.xcconfig */;
			buildSettings = {
			};
			name = "Release-AdHoc";
		};
		FA417B5E111762EC008AC4E1 /* Release-AppStore */ = {
			isa = XCBuildConfiguration;
			baseConfigurationReference = FA417B5B111762E5008AC4E1 /* TWProjectAppStore.xcconfig */;
			buildSettings = {
			};
			name = "Release-AppStore";
		};
		FA417B5F111762EC008AC4E1 /* Release-AppStore */ = {
			isa = XCBuildConfiguration;
			baseConfigurationReference = FAB7D1620FA6BF0900CBDED9 /* TWTarget.xcconfig */;
			buildSettings = {
			};
			name = "Release-AppStore";
		};
/* End XCBuildConfiguration section */

/* Begin XCConfigurationList section */
		1D6058960D05DD3E006BFB54 /* Build configuration list for PBXNativeTarget "TabBar" */ = {
			isa = XCConfigurationList;
			buildConfigurations = (
				1D6058940D05DD3E006BFB54 /* Debug */,
				1D6058950D05DD3E006BFB54 /* Release-AdHoc */,
				FA417B5F111762EC008AC4E1 /* Release-AppStore */,
			);
			defaultConfigurationIsVisible = 0;
			defaultConfigurationName = "Release-AdHoc";
		};
		C01FCF4E08A954540054247B /* Build configuration list for PBXProject "TabBar" */ = {
			isa = XCConfigurationList;
			buildConfigurations = (
				C01FCF4F08A954540054247B /* Debug */,
				C01FCF5008A954540054247B /* Release-AdHoc */,
				FA417B5E111762EC008AC4E1 /* Release-AppStore */,
			);
			defaultConfigurationIsVisible = 0;
			defaultConfigurationName = "Release-AdHoc";
		};
/* End XCConfigurationList section */
	};
	rootObject = 29B97313FDCFA39411CA2CEA /* Project object */;
}
